
Microsoft Visual Studio Solution File, Format Version 12.00
# Visual Studio Version 16
VisualStudioVersion = 16.0.31313.79
MinimumVisualStudioVersion = 10.0.40219.1
Project("{FAE04EC0-301F-11D3-BF4B-00C04F79EFBC}") = "ProjetoWagner", "ProjetoWagner.csproj", "{F0153D9C-B3AA-4013-BA4D-F61016B63AFB}"
EndProject
Global
	GlobalSection(SolutionConfigurationPlatforms) = preSolution
		Debug|Any CPU = Debug|Any CPU
		Release|Any CPU = Release|Any CPU
	EndGlobalSection
	GlobalSection(ProjectConfigurationPlatforms) = postSolution
		{F0153D9C-B3AA-4013-BA4D-F61016B63AFB}.Debug|Any CPU.ActiveCfg = Debug|Any CPU
		{F0153D9C-B3AA-4013-BA4D-F61016B63AFB}.Debug|Any CPU.Build.0 = Debug|Any CPU
		{F0153D9C-B3AA-4013-BA4D-F61016B63AFB}.Release|Any CPU.ActiveCfg = Release|Any CPU
		{F0153D9C-B3AA-4013-BA4D-F61016B63AFB}.Release|Any CPU.Build.0 = Release|Any CPU
	EndGlobalSection
	GlobalSection(SolutionProperties) = preSolution
		HideSolutionNode = FALSE
	EndGlobalSection
	GlobalSection(ExtensibilityGlobals) = postSolution
		SolutionGuid = {C3686B75-5850-4B02-9D28-E71752114EEB}
	EndGlobalSection
EndGlobal
